PODS:
  - Flutter (1.0.0)
  - tenjin_plugin (1.2.0):
    - Flutter
    - TenjinSDK (= 1.14.3)
  - TenjinSDK (1.14.3)

DEPENDENCIES:
  - Flutter (from `Flutter`)
  - tenjin_plugin (from `.symlinks/plugins/tenjin_plugin/ios`)

SPEC REPOS:
  trunk:
    - TenjinSDK

EXTERNAL SOURCES:
  Flutter:
    :path: Flutter
  tenjin_plugin:
    :path: ".symlinks/plugins/tenjin_plugin/ios"

SPEC CHECKSUMS:
  Flutter: e0871f40cf51350855a761d2e70bf5af5b9b5de7
  tenjin_plugin: fc917ad84a280b03ae923b334c5040b7a1f545d5
  TenjinSDK: ece2612ebe7c02f3ca39712f0977c942f6f604ab

PODFILE CHECKSUM: 474aef2fd64d1c4593bb373482aca73939061f74

COCOAPODS: 1.11.3
