PODS:
  - Flutter (1.0.0)
  - tenjin_plugin (1.0.0):
    - Flutter
    - TenjinSDK (= 1.12.24)
  - TenjinSDK (1.12.24)

DEPENDENCIES:
  - Flutter (from `Flutter`)
  - tenjin_plugin (from `.symlinks/plugins/tenjin_plugin/ios`)

SPEC REPOS:
  trunk:
    - TenjinSDK

EXTERNAL SOURCES:
  Flutter:
    :path: Flutter
  tenjin_plugin:
    :path: ".symlinks/plugins/tenjin_plugin/ios"

SPEC CHECKSUMS:
  Flutter: f04841e97a9d0b0a8025694d0796dd46242b2854
  tenjin_plugin: 0083bdea1b01a67d2c2c57a7654ee30194d6a3d1
  TenjinSDK: 8e00cb351cb4246be6dd9184ed5e7771405404a8

PODFILE CHECKSUM: a4cf1e90a0bed550dc9c304e9edb299c19ca8c24

COCOAPODS: 1.11.3
